
Microsoft Visual Studio Solution File, Format Version 12.00
# Visual Studio Version 17
VisualStudioVersion = 17.5.002.0
MinimumVisualStudioVersion = 10.0.40219.1
Project("{9A19103F-16F7-4668-BE54-9A1E7A4F7556}") = "Identity", "Identity.csproj", "{563747C8-6116-4692-906F-68F456B4EA05}"
EndProject
Global
	GlobalSection(SolutionConfigurationPlatforms) = preSolution
		Debug|Any CPU = Debug|Any CPU
		Release|Any CPU = Release|Any CPU
	EndGlobalSection
	GlobalSection(ProjectConfigurationPlatforms) = postSolution
		{563747C8-6116-4692-906F-68F456B4EA05}.Debug|Any CPU.ActiveCfg = Debug|Any CPU
		{563747C8-6116-4692-906F-68F456B4EA05}.Debug|Any CPU.Build.0 = Debug|Any CPU
		{563747C8-6116-4692-906F-68F456B4EA05}.Release|Any CPU.ActiveCfg = Release|Any CPU
		{563747C8-6116-4692-906F-68F456B4EA05}.Release|Any CPU.Build.0 = Release|Any CPU
	EndGlobalSection
	GlobalSection(SolutionProperties) = preSolution
		HideSolutionNode = FALSE
	EndGlobalSection
	GlobalSection(ExtensibilityGlobals) = postSolution
		SolutionGuid = {C027D03D-931A-44FB-83F2-345B983675AD}
	EndGlobalSection
EndGlobal
